
Microsoft Visual Studio Solution File, Format Version 12.00
# Visual Studio Version 17
VisualStudioVersion = 17.5.002.0
MinimumVisualStudioVersion = 10.0.40219.1
Project("{9A19103F-16F7-4668-BE54-9A1E7A4F7556}") = "HRManagement.Application", "HRManagement.Application.csproj", "{6375FE30-B062-468A-B21D-D0278B25A4A3}"
EndProject
Global
	GlobalSection(SolutionConfigurationPlatforms) = preSolution
		Debug|Any CPU = Debug|Any CPU
		Release|Any CPU = Release|Any CPU
	EndGlobalSection
	GlobalSection(ProjectConfigurationPlatforms) = postSolution
		{6375FE30-B062-468A-B21D-D0278B25A4A3}.Debug|Any CPU.ActiveCfg = Debug|Any CPU
		{6375FE30-B062-468A-B21D-D0278B25A4A3}.Debug|Any CPU.Build.0 = Debug|Any CPU
		{6375FE30-B062-468A-B21D-D0278B25A4A3}.Release|Any CPU.ActiveCfg = Release|Any CPU
		{6375FE30-B062-468A-B21D-D0278B25A4A3}.Release|Any CPU.Build.0 = Release|Any CPU
	EndGlobalSection
	GlobalSection(SolutionProperties) = preSolution
		HideSolutionNode = FALSE
	EndGlobalSection
	GlobalSection(ExtensibilityGlobals) = postSolution
		SolutionGuid = {7D9F534D-D8AC-41F7-98A8-DE717FD5B1E7}
	EndGlobalSection
EndGlobal
